
Microsoft Visual Studio Solution File, Format Version 12.00
# Visual Studio 15
Project("{FAE04EC0-301F-11D3-BF4B-00C04F79EFBC}") = "YoutubeAPI", "YoutubeAPI\YoutubeAPI.csproj", "{ECCA461C-FB46-4278-B7B4-1301AF4CCD80}"
EndProject
Global
	GlobalSection(SolutionConfigurationPlatforms) = preSolution
		Debug|Any CPU = Debug|Any CPU
		Release|Any CPU = Release|Any CPU
	EndGlobalSection
	GlobalSection(ProjectConfigurationPlatforms) = postSolution
		{ECCA461C-FB46-4278-B7B4-1301AF4CCD80}.Debug|Any CPU.ActiveCfg = Debug|Any CPU
		{ECCA461C-FB46-4278-B7B4-1301AF4CCD80}.Debug|Any CPU.Build.0 = Debug|Any CPU
		{ECCA461C-FB46-4278-B7B4-1301AF4CCD80}.Release|Any CPU.ActiveCfg = Release|Any CPU
		{ECCA461C-FB46-4278-B7B4-1301AF4CCD80}.Release|Any CPU.Build.0 = Release|Any CPU
	EndGlobalSection
EndGlobal
